
Microsoft Visual Studio Solution File, Format Version 12.00
# Visual Studio Version 17
VisualStudioVersion = 17.2.32630.192
MinimumVisualStudioVersion = 10.0.40219.1
Project("{F184B08F-C81C-45F6-A57F-5ABD9991F28F}") = "GestionPedidos", "GestionPedidos\GestionPedidos.vbproj", "{946ADBCC-901B-4F9A-B666-ED07618DAB9D}"
	ProjectSection(ProjectDependencies) = postProject
		{DE860835-5AA1-4B52-A020-1EDC53C44D51} = {DE860835-5AA1-4B52-A020-1EDC53C44D51}
	EndProjectSection
EndProject
Project("{F184B08F-C81C-45F6-A57F-5ABD9991F28F}") = "WS-GestionPedidos", "WS-GestionPedidos\WS-GestionPedidos.vbproj", "{DE860835-5AA1-4B52-A020-1EDC53C44D51}"
EndProject
Global
	GlobalSection(SolutionConfigurationPlatforms) = preSolution
		Debug|Any CPU = Debug|Any CPU
		Release|Any CPU = Release|Any CPU
	EndGlobalSection
	GlobalSection(ProjectConfigurationPlatforms) = postSolution
		{946ADBCC-901B-4F9A-B666-ED07618DAB9D}.Debug|Any CPU.ActiveCfg = Debug|Any CPU
		{946ADBCC-901B-4F9A-B666-ED07618DAB9D}.Debug|Any CPU.Build.0 = Debug|Any CPU
		{946ADBCC-901B-4F9A-B666-ED07618DAB9D}.Release|Any CPU.ActiveCfg = Release|Any CPU
		{946ADBCC-901B-4F9A-B666-ED07618DAB9D}.Release|Any CPU.Build.0 = Release|Any CPU
		{DE860835-5AA1-4B52-A020-1EDC53C44D51}.Debug|Any CPU.ActiveCfg = Debug|Any CPU
		{DE860835-5AA1-4B52-A020-1EDC53C44D51}.Debug|Any CPU.Build.0 = Debug|Any CPU
		{DE860835-5AA1-4B52-A020-1EDC53C44D51}.Release|Any CPU.ActiveCfg = Release|Any CPU
		{DE860835-5AA1-4B52-A020-1EDC53C44D51}.Release|Any CPU.Build.0 = Release|Any CPU
	EndGlobalSection
	GlobalSection(SolutionProperties) = preSolution
		HideSolutionNode = FALSE
	EndGlobalSection
	GlobalSection(ExtensibilityGlobals) = postSolution
		SolutionGuid = {7C5D1C40-45C4-4700-BC28-8933A817B1AA}
	EndGlobalSection
EndGlobal
